
Microsoft Visual Studio Solution File, Format Version 12.00
# Visual Studio Version 17
VisualStudioVersion = 17.7.34031.279
MinimumVisualStudioVersion = 10.0.40219.1
Project("{FAE04EC0-301F-11D3-BF4B-00C04F79EFBC}") = "productManagement", "productManagement\productManagement.csproj", "{9A11D4C1-A8AA-4B96-939E-21C461E9140C}"
EndProject
Global
	GlobalSection(SolutionConfigurationPlatforms) = preSolution
		Debug|Any CPU = Debug|Any CPU
		Release|Any CPU = Release|Any CPU
	EndGlobalSection
	GlobalSection(ProjectConfigurationPlatforms) = postSolution
		{9A11D4C1-A8AA-4B96-939E-21C461E9140C}.Debug|Any CPU.ActiveCfg = Debug|Any CPU
		{9A11D4C1-A8AA-4B96-939E-21C461E9140C}.Debug|Any CPU.Build.0 = Debug|Any CPU
		{9A11D4C1-A8AA-4B96-939E-21C461E9140C}.Release|Any CPU.ActiveCfg = Release|Any CPU
		{9A11D4C1-A8AA-4B96-939E-21C461E9140C}.Release|Any CPU.Build.0 = Release|Any CPU
	EndGlobalSection
	GlobalSection(SolutionProperties) = preSolution
		HideSolutionNode = FALSE
	EndGlobalSection
	GlobalSection(ExtensibilityGlobals) = postSolution
		SolutionGuid = {45B4F973-A7DD-48ED-8154-D7A11816487D}
	EndGlobalSection
EndGlobal
